# This file was autogenerated by Stack.
# You should not edit this file by hand.
# For more information, please see the documentation at:
#   https://docs.haskellstack.org/en/stable/lock_files

packages:
- completed:
    hackage: HDBC-postgresql-2.3.2.6@sha256:6e1636b0414ae7b028a01f1a90cf3e28c14f1df7867cf2615d5357d9abcd6279,3164
    pantry-tree:
      size: 1740
      sha256: 447f1893e85d46f3f1c5e8b43ed46e4ff9563223c2ae0b6b78de624a9f0563c1
  original:
    hackage: HDBC-postgresql-2.3.2.6@sha256:6e1636b0414ae7b028a01f1a90cf3e28c14f1df7867cf2615d5357d9abcd6279
snapshots:
- completed:
    size: 509471
    url: https://raw.githubusercontent.com/commercialhaskell/stackage-snapshots/master/lts/12/26.yaml
    sha256: 95f014df58d0679b1c4a2b7bf2b652b61da8d30de5f571abb0d59015ef678646
  original: lts-12.26
