
Microsoft Visual Studio Solution File, Format Version 12.00
# Visual Studio 15
VisualStudioVersion = 15.0.26124.0
MinimumVisualStudioVersion = 15.0.26124.0
Project("{FAE04EC0-301F-11D3-BF4B-00C04F79EFBC}") = "Excalibur", "Excalibur\Excalibur.csproj", "{102FFCDC-AEA9-4FE6-B186-10C349179B3E}"
EndProject
Project("{FAE04EC0-301F-11D3-BF4B-00C04F79EFBC}") = "Excalibur.Test", "Excalibur.Test\Excalibur.Test.csproj", "{BF343746-C04C-43E6-8653-8D54C70B4555}"
EndProject
Global
	GlobalSection(SolutionConfigurationPlatforms) = preSolution
		Debug|Any CPU = Debug|Any CPU
		Debug|x64 = Debug|x64
		Debug|x86 = Debug|x86
		Release|Any CPU = Release|Any CPU
		Release|x64 = Release|x64
		Release|x86 = Release|x86
	EndGlobalSection
	GlobalSection(SolutionProperties) = preSolution
		HideSolutionNode = FALSE
	EndGlobalSection
	GlobalSection(ProjectConfigurationPlatforms) = postSolution
		{102FFCDC-AEA9-4FE6-B186-10C349179B3E}.Debug|Any CPU.ActiveCfg = Debug|Any CPU
		{102FFCDC-AEA9-4FE6-B186-10C349179B3E}.Debug|Any CPU.Build.0 = Debug|Any CPU
		{102FFCDC-AEA9-4FE6-B186-10C349179B3E}.Debug|x64.ActiveCfg = Debug|Any CPU
		{102FFCDC-AEA9-4FE6-B186-10C349179B3E}.Debug|x64.Build.0 = Debug|Any CPU
		{102FFCDC-AEA9-4FE6-B186-10C349179B3E}.Debug|x86.ActiveCfg = Debug|Any CPU
		{102FFCDC-AEA9-4FE6-B186-10C349179B3E}.Debug|x86.Build.0 = Debug|Any CPU
		{102FFCDC-AEA9-4FE6-B186-10C349179B3E}.Release|Any CPU.ActiveCfg = Release|Any CPU
		{102FFCDC-AEA9-4FE6-B186-10C349179B3E}.Release|Any CPU.Build.0 = Release|Any CPU
		{102FFCDC-AEA9-4FE6-B186-10C349179B3E}.Release|x64.ActiveCfg = Release|Any CPU
		{102FFCDC-AEA9-4FE6-B186-10C349179B3E}.Release|x64.Build.0 = Release|Any CPU
		{102FFCDC-AEA9-4FE6-B186-10C349179B3E}.Release|x86.ActiveCfg = Release|Any CPU
		{102FFCDC-AEA9-4FE6-B186-10C349179B3E}.Release|x86.Build.0 = Release|Any CPU
		{BF343746-C04C-43E6-8653-8D54C70B4555}.Debug|Any CPU.ActiveCfg = Debug|Any CPU
		{BF343746-C04C-43E6-8653-8D54C70B4555}.Debug|Any CPU.Build.0 = Debug|Any CPU
		{BF343746-C04C-43E6-8653-8D54C70B4555}.Debug|x64.ActiveCfg = Debug|Any CPU
		{BF343746-C04C-43E6-8653-8D54C70B4555}.Debug|x64.Build.0 = Debug|Any CPU
		{BF343746-C04C-43E6-8653-8D54C70B4555}.Debug|x86.ActiveCfg = Debug|Any CPU
		{BF343746-C04C-43E6-8653-8D54C70B4555}.Debug|x86.Build.0 = Debug|Any CPU
		{BF343746-C04C-43E6-8653-8D54C70B4555}.Release|Any CPU.ActiveCfg = Release|Any CPU
		{BF343746-C04C-43E6-8653-8D54C70B4555}.Release|Any CPU.Build.0 = Release|Any CPU
		{BF343746-C04C-43E6-8653-8D54C70B4555}.Release|x64.ActiveCfg = Release|Any CPU
		{BF343746-C04C-43E6-8653-8D54C70B4555}.Release|x64.Build.0 = Release|Any CPU
		{BF343746-C04C-43E6-8653-8D54C70B4555}.Release|x86.ActiveCfg = Release|Any CPU
		{BF343746-C04C-43E6-8653-8D54C70B4555}.Release|x86.Build.0 = Release|Any CPU
	EndGlobalSection
EndGlobal
